
Microsoft Visual Studio Solution File, Format Version 12.00
# Visual Studio 15
VisualStudioVersion = 15.0.26228.4
MinimumVisualStudioVersion = 10.0.40219.1
Project("{FAE04EC0-301F-11D3-BF4B-00C04F79EFBC}") = "FinalProject", "FinalProject\FinalProject.csproj", "{2DEE5112-D55B-4DFB-A8B7-F196D5BF8130}"
EndProject
Project("{FAE04EC0-301F-11D3-BF4B-00C04F79EFBC}") = "HestonCmdLine", "HestonCmdLine\HestonCmdLine.csproj", "{C4964EB8-4890-4604-BFEB-D026CBF00BDA}"
EndProject
Project("{FAE04EC0-301F-11D3-BF4B-00C04F79EFBC}") = "OptionGUI", "OptionGUI\OptionGUI.csproj", "{24DCB012-5CC5-4168-BA87-7D9537CFD692}"
EndProject
Project("{FAE04EC0-301F-11D3-BF4B-00C04F79EFBC}") = "FinalProjectTests", "FinalProjectTests\FinalProjectTests.csproj", "{13290861-3F54-4DE9-A920-30E89425C62E}"
EndProject
Project("{FAE04EC0-301F-11D3-BF4B-00C04F79EFBC}") = "HestonModel", "HestonModel\HestonModel.csproj", "{AFD7DF4A-7FE0-4A57-82F9-95E0FF79F7F9}"
EndProject
Project("{FAE04EC0-301F-11D3-BF4B-00C04F79EFBC}") = "HestonModel.Tests", "HestonModel.Tests\HestonModel.Tests.csproj", "{F2D45F52-BFFB-4432-9648-5CBD4651029F}"
EndProject
Project("{FAE04EC0-301F-11D3-BF4B-00C04F79EFBC}") = "AlglibCSharpLib", "AlglibCSharpLib\AlglibCSharpLib.csproj", "{DED6D7B9-7500-4F47-9CEB-3454E2F95AA5}"
EndProject
Global
	GlobalSection(SolutionConfigurationPlatforms) = preSolution
		Debug|Any CPU = Debug|Any CPU
		Release|Any CPU = Release|Any CPU
	EndGlobalSection
	GlobalSection(ProjectConfigurationPlatforms) = postSolution
		{2DEE5112-D55B-4DFB-A8B7-F196D5BF8130}.Debug|Any CPU.ActiveCfg = Debug|Any CPU
		{2DEE5112-D55B-4DFB-A8B7-F196D5BF8130}.Debug|Any CPU.Build.0 = Debug|Any CPU
		{2DEE5112-D55B-4DFB-A8B7-F196D5BF8130}.Release|Any CPU.ActiveCfg = Release|Any CPU
		{2DEE5112-D55B-4DFB-A8B7-F196D5BF8130}.Release|Any CPU.Build.0 = Release|Any CPU
		{C4964EB8-4890-4604-BFEB-D026CBF00BDA}.Debug|Any CPU.ActiveCfg = Debug|Any CPU
		{C4964EB8-4890-4604-BFEB-D026CBF00BDA}.Debug|Any CPU.Build.0 = Debug|Any CPU
		{C4964EB8-4890-4604-BFEB-D026CBF00BDA}.Release|Any CPU.ActiveCfg = Release|Any CPU
		{C4964EB8-4890-4604-BFEB-D026CBF00BDA}.Release|Any CPU.Build.0 = Release|Any CPU
		{24DCB012-5CC5-4168-BA87-7D9537CFD692}.Debug|Any CPU.ActiveCfg = Debug|Any CPU
		{24DCB012-5CC5-4168-BA87-7D9537CFD692}.Debug|Any CPU.Build.0 = Debug|Any CPU
		{24DCB012-5CC5-4168-BA87-7D9537CFD692}.Release|Any CPU.ActiveCfg = Release|Any CPU
		{24DCB012-5CC5-4168-BA87-7D9537CFD692}.Release|Any CPU.Build.0 = Release|Any CPU
		{13290861-3F54-4DE9-A920-30E89425C62E}.Debug|Any CPU.ActiveCfg = Debug|Any CPU
		{13290861-3F54-4DE9-A920-30E89425C62E}.Debug|Any CPU.Build.0 = Debug|Any CPU
		{13290861-3F54-4DE9-A920-30E89425C62E}.Release|Any CPU.ActiveCfg = Release|Any CPU
		{13290861-3F54-4DE9-A920-30E89425C62E}.Release|Any CPU.Build.0 = Release|Any CPU
		{AFD7DF4A-7FE0-4A57-82F9-95E0FF79F7F9}.Debug|Any CPU.ActiveCfg = Debug|Any CPU
		{AFD7DF4A-7FE0-4A57-82F9-95E0FF79F7F9}.Debug|Any CPU.Build.0 = Debug|Any CPU
		{AFD7DF4A-7FE0-4A57-82F9-95E0FF79F7F9}.Release|Any CPU.ActiveCfg = Release|Any CPU
		{AFD7DF4A-7FE0-4A57-82F9-95E0FF79F7F9}.Release|Any CPU.Build.0 = Release|Any CPU
		{F2D45F52-BFFB-4432-9648-5CBD4651029F}.Debug|Any CPU.ActiveCfg = Debug|Any CPU
		{F2D45F52-BFFB-4432-9648-5CBD4651029F}.Debug|Any CPU.Build.0 = Debug|Any CPU
		{F2D45F52-BFFB-4432-9648-5CBD4651029F}.Release|Any CPU.ActiveCfg = Release|Any CPU
		{F2D45F52-BFFB-4432-9648-5CBD4651029F}.Release|Any CPU.Build.0 = Release|Any CPU
		{DED6D7B9-7500-4F47-9CEB-3454E2F95AA5}.Debug|Any CPU.ActiveCfg = Debug|Any CPU
		{DED6D7B9-7500-4F47-9CEB-3454E2F95AA5}.Debug|Any CPU.Build.0 = Debug|Any CPU
		{DED6D7B9-7500-4F47-9CEB-3454E2F95AA5}.Release|Any CPU.ActiveCfg = Release|Any CPU
		{DED6D7B9-7500-4F47-9CEB-3454E2F95AA5}.Release|Any CPU.Build.0 = Release|Any CPU
	EndGlobalSection
	GlobalSection(SolutionProperties) = preSolution
		HideSolutionNode = FALSE
	EndGlobalSection
	GlobalSection(ExtensibilityGlobals) = postSolution
		SolutionGuid = {72C32605-D197-49B1-9855-CE5A701C0C84}
	EndGlobalSection
	GlobalSection(Performance) = preSolution
		HasPerformanceSessions = true
	EndGlobalSection
EndGlobal
